
Microsoft Visual Studio Solution File, Format Version 12.00
# Visual Studio Version 17
VisualStudioVersion = 17.3.32901.215
MinimumVisualStudioVersion = 10.0.40219.1
Project("{FAE04EC0-301F-11D3-BF4B-00C04F79EFBC}") = "Lab 1", "Lab 1\Lab 1.csproj", "{523AC7A5-2B7D-4983-9EBE-5090E0628101}"
EndProject
Global
	GlobalSection(SolutionConfigurationPlatforms) = preSolution
		Debug|Any CPU = Debug|Any CPU
		Release|Any CPU = Release|Any CPU
	EndGlobalSection
	GlobalSection(ProjectConfigurationPlatforms) = postSolution
		{523AC7A5-2B7D-4983-9EBE-5090E0628101}.Debug|Any CPU.ActiveCfg = Debug|Any CPU
		{523AC7A5-2B7D-4983-9EBE-5090E0628101}.Debug|Any CPU.Build.0 = Debug|Any CPU
		{523AC7A5-2B7D-4983-9EBE-5090E0628101}.Release|Any CPU.ActiveCfg = Release|Any CPU
		{523AC7A5-2B7D-4983-9EBE-5090E0628101}.Release|Any CPU.Build.0 = Release|Any CPU
	EndGlobalSection
	GlobalSection(SolutionProperties) = preSolution
		HideSolutionNode = FALSE
	EndGlobalSection
	GlobalSection(ExtensibilityGlobals) = postSolution
		SolutionGuid = {45348A6B-DC5A-4CB3-85BE-539BCC84DF44}
	EndGlobalSection
EndGlobal
